// !$*UTF8*$!
{
	archiveVersion = 1;
	classes = {
	};
	objectVersion = 46;
	objects = {

/* Begin PBXBuildFile section */
		B7AB37E01900546100F1C119 /* Cocoa.framework in Frameworks */ = {isa = PBXBuildFile; fileRef = B7AB37DF1900546100F1C119 /* Cocoa.framework */; };
		B7AB37EA1900546100F1C119 /* InfoPlist.strings in Resources */ = {isa = PBXBuildFile; fileRef = B7AB37E81900546100F1C119 /* InfoPlist.strings */; };
		B7AB37EC1900546100F1C119 /* main.m in Sources */ = {isa = PBXBuildFile; fileRef = B7AB37EB1900546100F1C119 /* main.m */; };
		B7AB37F01900546100F1C119 /* Credits.rtf in Resources */ = {isa = PBXBuildFile; fileRef = B7AB37EE1900546100F1C119 /* Credits.rtf */; };
		B7AB37F31900546100F1C119 /* DMAppDelegate.m in Sources */ = {isa = PBXBuildFile; fileRef = B7AB37F21900546100F1C119 /* DMAppDelegate.m */; };
		B7AB37F61900546100F1C119 /* MainMenu.xib in Resources */ = {isa = PBXBuildFile; fileRef = B7AB37F41900546100F1C119 /* MainMenu.xib */; };
		B7AB37F81900546100F1C119 /* Images.xcassets in Resources */ = {isa = PBXBuildFile; fileRef = B7AB37F71900546100F1C119 /* Images.xcassets */; };
		B7AB37FF1900546100F1C119 /* XCTest.framework in Frameworks */ = {isa = PBXBuildFile; fileRef = B7AB37FE1900546100F1C119 /* XCTest.framework */; };
		B7AB38001900546100F1C119 /* Cocoa.framework in Frameworks */ = {isa = PBXBuildFile; fileRef = B7AB37DF1900546100F1C119 /* Cocoa.framework */; };
		B7AB38081900546100F1C119 /* InfoPlist.strings in Resources */ = {isa = PBXBuildFile; fileRef = B7AB38061900546100F1C119 /* InfoPlist.strings */; };
		B7AB380A1900546100F1C119 /* PLCDL_LUTGENTests.m in Sources */ = {isa = PBXBuildFile; fileRef = B7AB38091900546100F1C119 /* PLCDL_LUTGENTests.m */; };
/* End PBXBuildFile section */

/* Begin PBXContainerItemProxy section */
		B7AB38011900546100F1C119 /* PBXContainerItemProxy */ = {
			isa = PBXContainerItemProxy;
			containerPortal = B7AB37D41900546100F1C119 /* Project object */;
			proxyType = 1;
			remoteGlobalIDString = B7AB37DB1900546100F1C119;
			remoteInfo = PLCDL_LUTGEN;
		};
/* End PBXContainerItemProxy section */

/* Begin PBXFileReference section */
		B7AB37DC1900546100F1C119 /* PLCDL_LUTGEN.app */ = {isa = PBXFileReference; explicitFileType = wrapper.application; includeInIndex = 0; path = PLCDL_LUTGEN.app; sourceTree = BUILT_PRODUCTS_DIR; };
		B7AB37DF1900546100F1C119 /* Cocoa.framework */ = {isa = PBXFileReference; lastKnownFileType = wrapper.framework; name = Cocoa.framework; path = System/Library/Frameworks/Cocoa.framework; sourceTree = SDKROOT; };
		B7AB37E21900546100F1C119 /* AppKit.framework */ = {isa = PBXFileReference; lastKnownFileType = wrapper.framework; name = AppKit.framework; path = System/Library/Frameworks/AppKit.framework; sourceTree = SDKROOT; };
		B7AB37E31900546100F1C119 /* CoreData.framework */ = {isa = PBXFileReference; lastKnownFileType = wrapper.framework; name = CoreData.framework; path = System/Library/Frameworks/CoreData.framework; sourceTree = SDKROOT; };
		B7AB37E41900546100F1C119 /* Foundation.framework */ = {isa = PBXFileReference; lastKnownFileType = wrapper.framework; name = Foundation.framework; path = System/Library/Frameworks/Foundation.framework; sourceTree = SDKROOT; };
		B7AB37E71900546100F1C119 /* PLCDL_LUTGEN-Info.plist */ = {isa = PBXFileReference; lastKnownFileType = text.plist.xml; path = "PLCDL_LUTGEN-Info.plist"; sourceTree = "<group>"; };
		B7AB37E91900546100F1C119 /* en */ = {isa = PBXFileReference; lastKnownFileType = text.plist.strings; name = en; path = en.lproj/InfoPlist.strings; sourceTree = "<group>"; };
		B7AB37EB1900546100F1C119 /* main.m */ = {isa = PBXFileReference; lastKnownFileType = sourcecode.c.objc; path = main.m; sourceTree = "<group>"; };
		B7AB37ED1900546100F1C119 /* PLCDL_LUTGEN-Prefix.pch */ = {isa = PBXFileReference; lastKnownFileType = sourcecode.c.h; path = "PLCDL_LUTGEN-Prefix.pch"; sourceTree = "<group>"; };
		B7AB37EF1900546100F1C119 /* en */ = {isa = PBXFileReference; lastKnownFileType = text.rtf; name = en; path = en.lproj/Credits.rtf; sourceTree = "<group>"; };
		B7AB37F11900546100F1C119 /* DMAppDelegate.h */ = {isa = PBXFileReference; lastKnownFileType = sourcecode.c.h; path = DMAppDelegate.h; sourceTree = "<group>"; };
		B7AB37F21900546100F1C119 /* DMAppDelegate.m */ = {isa = PBXFileReference; lastKnownFileType = sourcecode.c.objc; path = DMAppDelegate.m; sourceTree = "<group>"; };
		B7AB37F51900546100F1C119 /* Base */ = {isa = PBXFileReference; lastKnownFileType = file.xib; name = Base; path = Base.lproj/MainMenu.xib; sourceTree = "<group>"; };
		B7AB37F71900546100F1C119 /* Images.xcassets */ = {isa = PBXFileReference; lastKnownFileType = folder.assetcatalog; path = Images.xcassets; sourceTree = "<group>"; };
		B7AB37FD1900546100F1C119 /* PLCDL_LUTGENTests.xctest */ = {isa = PBXFileReference; explicitFileType = wrapper.cfbundle; includeInIndex = 0; path = PLCDL_LUTGENTests.xctest; sourceTree = BUILT_PRODUCTS_DIR; };
		B7AB37FE1900546100F1C119 /* XCTest.framework */ = {isa = PBXFileReference; lastKnownFileType = wrapper.framework; name = XCTest.framework; path = Library/Frameworks/XCTest.framework; sourceTree = DEVELOPER_DIR; };
		B7AB38051900546100F1C119 /* PLCDL_LUTGENTests-Info.plist */ = {isa = PBXFileReference; lastKnownFileType = text.plist.xml; path = "PLCDL_LUTGENTests-Info.plist"; sourceTree = "<group>"; };
		B7AB38071900546100F1C119 /* en */ = {isa = PBXFileReference; lastKnownFileType = text.plist.strings; name = en; path = en.lproj/InfoPlist.strings; sourceTree = "<group>"; };
		B7AB38091900546100F1C119 /* PLCDL_LUTGENTests.m */ = {isa = PBXFileReference; lastKnownFileType = sourcecode.c.objc; path = PLCDL_LUTGENTests.m; sourceTree = "<group>"; };
/* End PBXFileReference section */

/* Begin PBXFrameworksBuildPhase section */
		B7AB37D91900546100F1C119 /* Frameworks */ = {
			isa = PBXFrameworksBuildPhase;
			buildActionMask = 2147483647;
			files = (
				B7AB37E01900546100F1C119 /* Cocoa.framework in Frameworks */,
			);
			runOnlyForDeploymentPostprocessing = 0;
		};
		B7AB37FA1900546100F1C119 /* Frameworks */ = {
			isa = PBXFrameworksBuildPhase;
			buildActionMask = 2147483647;
			files = (
				B7AB38001900546100F1C119 /* Cocoa.framework in Frameworks */,
				B7AB37FF1900546100F1C119 /* XCTest.framework in Frameworks */,
			);
			runOnlyForDeploymentPostprocessing = 0;
		};
/* End PBXFrameworksBuildPhase section */

/* Begin PBXGroup section */
		B7AB37D31900546100F1C119 = {
			isa = PBXGroup;
			children = (
				B7AB37E51900546100F1C119 /* PLCDL_LUTGEN */,
				B7AB38031900546100F1C119 /* PLCDL_LUTGENTests */,
				B7AB37DE1900546100F1C119 /* Frameworks */,
				B7AB37DD1900546100F1C119 /* Products */,
			);
			sourceTree = "<group>";
		};
		B7AB37DD1900546100F1C119 /* Products */ = {
			isa = PBXGroup;
			children = (
				B7AB37DC1900546100F1C119 /* PLCDL_LUTGEN.app */,
				B7AB37FD1900546100F1C119 /* PLCDL_LUTGENTests.xctest */,
			);
			name = Products;
			sourceTree = "<group>";
		};
		B7AB37DE1900546100F1C119 /* Frameworks */ = {
			isa = PBXGroup;
			children = (
				B7AB37DF1900546100F1C119 /* Cocoa.framework */,
				B7AB37FE1900546100F1C119 /* XCTest.framework */,
				B7AB37E11900546100F1C119 /* Other Frameworks */,
			);
			name = Frameworks;
			sourceTree = "<group>";
		};
		B7AB37E11900546100F1C119 /* Other Frameworks */ = {
			isa = PBXGroup;
			children = (
				B7AB37E21900546100F1C119 /* AppKit.framework */,
				B7AB37E31900546100F1C119 /* CoreData.framework */,
				B7AB37E41900546100F1C119 /* Foundation.framework */,
			);
			name = "Other Frameworks";
			sourceTree = "<group>";
		};
		B7AB37E51900546100F1C119 /* PLCDL_LUTGEN */ = {
			isa = PBXGroup;
			children = (
				B7AB37F11900546100F1C119 /* DMAppDelegate.h */,
				B7AB37F21900546100F1C119 /* DMAppDelegate.m */,
				B7AB37F41900546100F1C119 /* MainMenu.xib */,
				B7AB37F71900546100F1C119 /* Images.xcassets */,
				B7AB37E61900546100F1C119 /* Supporting Files */,
			);
			path = PLCDL_LUTGEN;
			sourceTree = "<group>";
		};
		B7AB37E61900546100F1C119 /* Supporting Files */ = {
			isa = PBXGroup;
			children = (
				B7AB37E71900546100F1C119 /* PLCDL_LUTGEN-Info.plist */,
				B7AB37E81900546100F1C119 /* InfoPlist.strings */,
				B7AB37EB1900546100F1C119 /* main.m */,
				B7AB37ED1900546100F1C119 /* PLCDL_LUTGEN-Prefix.pch */,
				B7AB37EE1900546100F1C119 /* Credits.rtf */,
			);
			name = "Supporting Files";
			sourceTree = "<group>";
		};
		B7AB38031900546100F1C119 /* PLCDL_LUTGENTests */ = {
			isa = PBXGroup;
			children = (
				B7AB38091900546100F1C119 /* PLCDL_LUTGENTests.m */,
				B7AB38041900546100F1C119 /* Supporting Files */,
			);
			path = PLCDL_LUTGENTests;
			sourceTree = "<group>";
		};
		B7AB38041900546100F1C119 /* Supporting Files */ = {
			isa = PBXGroup;
			children = (
				B7AB38051900546100F1C119 /* PLCDL_LUTGENTests-Info.plist */,
				B7AB38061900546100F1C119 /* InfoPlist.strings */,
			);
			name = "Supporting Files";
			sourceTree = "<group>";
		};
/* End PBXGroup section */

/* Begin PBXNativeTarget section */
		B7AB37DB1900546100F1C119 /* PLCDL_LUTGEN */ = {
			isa = PBXNativeTarget;
			buildConfigurationList = B7AB380D1900546100F1C119 /* Build configuration list for PBXNativeTarget "PLCDL_LUTGEN" */;
			buildPhases = (
				B7AB37D81900546100F1C119 /* Sources */,
				B7AB37D91900546100F1C119 /* Frameworks */,
				B7AB37DA1900546100F1C119 /* Resources */,
			);
			buildRules = (
			);
			dependencies = (
			);
			name = PLCDL_LUTGEN;
			productName = PLCDL_LUTGEN;
			productReference = B7AB37DC1900546100F1C119 /* PLCDL_LUTGEN.app */;
			productType = "com.apple.product-type.application";
		};
		B7AB37FC1900546100F1C119 /* PLCDL_LUTGENTests */ = {
			isa = PBXNativeTarget;
			buildConfigurationList = B7AB38101900546100F1C119 /* Build configuration list for PBXNativeTarget "PLCDL_LUTGENTests" */;
			buildPhases = (
				B7AB37F91900546100F1C119 /* Sources */,
				B7AB37FA1900546100F1C119 /* Frameworks */,
				B7AB37FB1900546100F1C119 /* Resources */,
			);
			buildRules = (
			);
			dependencies = (
				B7AB38021900546100F1C119 /* PBXTargetDependency */,
			);
			name = PLCDL_LUTGENTests;
			productName = PLCDL_LUTGENTests;
			productReference = B7AB37FD1900546100F1C119 /* PLCDL_LUTGENTests.xctest */;
			productType = "com.apple.product-type.bundle.unit-test";
		};
/* End PBXNativeTarget section */

/* Begin PBXProject section */
		B7AB37D41900546100F1C119 /* Project object */ = {
			isa = PBXProject;
			attributes = {
				CLASSPREFIX = DM;
				LastUpgradeCheck = 0510;
				ORGANIZATIONNAME = "Dario Marzeglia";
				TargetAttributes = {
					B7AB37FC1900546100F1C119 = {
						TestTargetID = B7AB37DB1900546100F1C119;
					};
				};
			};
			buildConfigurationList = B7AB37D71900546100F1C119 /* Build configuration list for PBXProject "PLCDL_LUTGEN" */;
			compatibilityVersion = "Xcode 3.2";
			developmentRegion = English;
			hasScannedForEncodings = 0;
			knownRegions = (
				en,
				Base,
			);
			mainGroup = B7AB37D31900546100F1C119;
			productRefGroup = B7AB37DD1900546100F1C119 /* Products */;
			projectDirPath = "";
			projectRoot = "";
			targets = (
				B7AB37DB1900546100F1C119 /* PLCDL_LUTGEN */,
				B7AB37FC1900546100F1C119 /* PLCDL_LUTGENTests */,
			);
		};
/* End PBXProject section */

/* Begin PBXResourcesBuildPhase section */
		B7AB37DA1900546100F1C119 /* Resources */ = {
			isa = PBXResourcesBuildPhase;
			buildActionMask = 2147483647;
			files = (
				B7AB37EA1900546100F1C119 /* InfoPlist.strings in Resources */,
				B7AB37F81900546100F1C119 /* Images.xcassets in Resources */,
				B7AB37F01900546100F1C119 /* Credits.rtf in Resources */,
				B7AB37F61900546100F1C119 /* MainMenu.xib in Resources */,
			);
			runOnlyForDeploymentPostprocessing = 0;
		};
		B7AB37FB1900546100F1C119 /* Resources */ = {
			isa = PBXResourcesBuildPhase;
			buildActionMask = 2147483647;
			files = (
				B7AB38081900546100F1C119 /* InfoPlist.strings in Resources */,
			);
			runOnlyForDeploymentPostprocessing = 0;
		};
/* End PBXResourcesBuildPhase section */

/* Begin PBXSourcesBuildPhase section */
		B7AB37D81900546100F1C119 /* Sources */ = {
			isa = PBXSourcesBuildPhase;
			buildActionMask = 2147483647;
			files = (
				B7AB37EC1900546100F1C119 /* main.m in Sources */,
				B7AB37F31900546100F1C119 /* DMAppDelegate.m in Sources */,
			);
			runOnlyForDeploymentPostprocessing = 0;
		};
		B7AB37F91900546100F1C119 /* Sources */ = {
			isa = PBXSourcesBuildPhase;
			buildActionMask = 2147483647;
			files = (
				B7AB380A1900546100F1C119 /* PLCDL_LUTGENTests.m in Sources */,
			);
			runOnlyForDeploymentPostprocessing = 0;
		};
/* End PBXSourcesBuildPhase section */

/* Begin PBXTargetDependency section */
		B7AB38021900546100F1C119 /* PBXTargetDependency */ = {
			isa = PBXTargetDependency;
			target = B7AB37DB1900546100F1C119 /* PLCDL_LUTGEN */;
			targetProxy = B7AB38011900546100F1C119 /* PBXContainerItemProxy */;
		};
/* End PBXTargetDependency section */

/* Begin PBXVariantGroup section */
		B7AB37E81900546100F1C119 /* InfoPlist.strings */ = {
			isa = PBXVariantGroup;
			children = (
				B7AB37E91900546100F1C119 /* en */,
			);
			name = InfoPlist.strings;
			sourceTree = "<group>";
		};
		B7AB37EE1900546100F1C119 /* Credits.rtf */ = {
			isa = PBXVariantGroup;
			children = (
				B7AB37EF1900546100F1C119 /* en */,
			);
			name = Credits.rtf;
			sourceTree = "<group>";
		};
		B7AB37F41900546100F1C119 /* MainMenu.xib */ = {
			isa = PBXVariantGroup;
			children = (
				B7AB37F51900546100F1C119 /* Base */,
			);
			name = MainMenu.xib;
			sourceTree = "<group>";
		};
		B7AB38061900546100F1C119 /* InfoPlist.strings */ = {
			isa = PBXVariantGroup;
			children = (
				B7AB38071900546100F1C119 /* en */,
			);
			name = InfoPlist.strings;
			sourceTree = "<group>";
		};
/* End PBXVariantGroup section */

/* Begin XCBuildConfiguration section */
		B7AB380B1900546100F1C119 /* Debug */ = {
			isa = XCBuildConfiguration;
			buildSettings = {
				ALWAYS_SEARCH_USER_PATHS = NO;
				CLANG_CXX_LANGUAGE_STANDARD = "gnu++0x";
				CLANG_CXX_LIBRARY = "libc++";
				CLANG_ENABLE_MODULES = YES;
				CLANG_ENABLE_OBJC_ARC = YES;
				CLANG_WARN_BOOL_CONVERSION = YES;
				CLANG_WARN_CONSTANT_CONVERSION = YES;
				CLANG_WARN_DIRECT_OBJC_ISA_USAGE = YES_ERROR;
				CLANG_WARN_EMPTY_BODY = YES;
				CLANG_WARN_ENUM_CONVERSION = YES;
				CLANG_WARN_INT_CONVERSION = YES;
				CLANG_WARN_OBJC_ROOT_CLASS = YES_ERROR;
				CLANG_WARN__DUPLICATE_METHOD_MATCH = YES;
				COPY_PHASE_STRIP = NO;
				GCC_C_LANGUAGE_STANDARD = gnu99;
				GCC_DYNAMIC_NO_PIC = NO;
				GCC_ENABLE_OBJC_EXCEPTIONS = YES;
				GCC_OPTIMIZATION_LEVEL = 0;
				GCC_PREPROCESSOR_DEFINITIONS = (
					"DEBUG=1",
					"$(inherited)",
				);
				GCC_SYMBOLS_PRIVATE_EXTERN = NO;
				GCC_WARN_64_TO_32_BIT_CONVERSION = YES;
				GCC_WARN_ABOUT_RETURN_TYPE = YES_ERROR;
				GCC_WARN_UNDECLARED_SELECTOR = YES;
				GCC_WARN_UNINITIALIZED_AUTOS = YES_AGGRESSIVE;
				GCC_WARN_UNUSED_FUNCTION = YES;
				GCC_WARN_UNUSED_VARIABLE = YES;
				MACOSX_DEPLOYMENT_TARGET = 10.9;
				ONLY_ACTIVE_ARCH = YES;
				SDKROOT = macosx;
			};
			name = Debug;
		};
		B7AB380C1900546100F1C119 /* Release */ = {
			isa = XCBuildConfiguration;
			buildSettings = {
				ALWAYS_SEARCH_USER_PATHS = NO;
				CLANG_CXX_LANGUAGE_STANDARD = "gnu++0x";
				CLANG_CXX_LIBRARY = "libc++";
				CLANG_ENABLE_MODULES = YES;
				CLANG_ENABLE_OBJC_ARC = YES;
				CLANG_WARN_BOOL_CONVERSION = YES;
				CLANG_WARN_CONSTANT_CONVERSION = YES;
				CLANG_WARN_DIRECT_OBJC_ISA_USAGE = YES_ERROR;
				CLANG_WARN_EMPTY_BODY = YES;
				CLANG_WARN_ENUM_CONVERSION = YES;
				CLANG_WARN_INT_CONVERSION = YES;
				CLANG_WARN_OBJC_ROOT_CLASS = YES_ERROR;
				CLANG_WARN__DUPLICATE_METHOD_MATCH = YES;
				COPY_PHASE_STRIP = YES;
				DEBUG_INFORMATION_FORMAT = "dwarf-with-dsym";
				ENABLE_NS_ASSERTIONS = NO;
				GCC_C_LANGUAGE_STANDARD = gnu99;
				GCC_ENABLE_OBJC_EXCEPTIONS = YES;
				GCC_WARN_64_TO_32_BIT_CONVERSION = YES;
				GCC_WARN_ABOUT_RETURN_TYPE = YES_ERROR;
				GCC_WARN_UNDECLARED_SELECTOR = YES;
				GCC_WARN_UNINITIALIZED_AUTOS = YES_AGGRESSIVE;
				GCC_WARN_UNUSED_FUNCTION = YES;
				GCC_WARN_UNUSED_VARIABLE = YES;
				MACOSX_DEPLOYMENT_TARGET = 10.9;
				SDKROOT = macosx;
			};
			name = Release;
		};
		B7AB380E1900546100F1C119 /* Debug */ = {
			isa = XCBuildConfiguration;
			buildSettings = {
				ASSETCATALOG_COMPILER_APPICON_NAME = AppIcon;
				COMBINE_HIDPI_IMAGES = YES;
				GCC_PRECOMPILE_PREFIX_HEADER = YES;
				GCC_PREFIX_HEADER = "PLCDL_LUTGEN/PLCDL_LUTGEN-Prefix.pch";
				INFOPLIST_FILE = "PLCDL_LUTGEN/PLCDL_LUTGEN-Info.plist";
				PRODUCT_NAME = "$(TARGET_NAME)";
				WRAPPER_EXTENSION = app;
			};
			name = Debug;
		};
		B7AB380F1900546100F1C119 /* Release */ = {
			isa = XCBuildConfiguration;
			buildSettings = {
				ASSETCATALOG_COMPILER_APPICON_NAME = AppIcon;
				COMBINE_HIDPI_IMAGES = YES;
				GCC_PRECOMPILE_PREFIX_HEADER = YES;
				GCC_PREFIX_HEADER = "PLCDL_LUTGEN/PLCDL_LUTGEN-Prefix.pch";
				INFOPLIST_FILE = "PLCDL_LUTGEN/PLCDL_LUTGEN-Info.plist";
				PRODUCT_NAME = "$(TARGET_NAME)";
				WRAPPER_EXTENSION = app;
			};
			name = Release;
		};
		B7AB38111900546100F1C119 /* Debug */ = {
			isa = XCBuildConfiguration;
			buildSettings = {
				BUNDLE_LOADER = "$(BUILT_PRODUCTS_DIR)/PLCDL_LUTGEN.app/Contents/MacOS/PLCDL_LUTGEN";
				COMBINE_HIDPI_IMAGES = YES;
				FRAMEWORK_SEARCH_PATHS = (
					"$(DEVELOPER_FRAMEWORKS_DIR)",
					"$(inherited)",
				);
				GCC_PRECOMPILE_PREFIX_HEADER = YES;
				GCC_PREFIX_HEADER = "PLCDL_LUTGEN/PLCDL_LUTGEN-Prefix.pch";
				GCC_PREPROCESSOR_DEFINITIONS = (
					"DEBUG=1",
					"$(inherited)",
				);
				INFOPLIST_FILE = "PLCDL_LUTGENTests/PLCDL_LUTGENTests-Info.plist";
				PRODUCT_NAME = "$(TARGET_NAME)";
				TEST_HOST = "$(BUNDLE_LOADER)";
				WRAPPER_EXTENSION = xctest;
			};
			name = Debug;
		};
		B7AB38121900546100F1C119 /* Release */ = {
			isa = XCBuildConfiguration;
			buildSettings = {
				BUNDLE_LOADER = "$(BUILT_PRODUCTS_DIR)/PLCDL_LUTGEN.app/Contents/MacOS/PLCDL_LUTGEN";
				COMBINE_HIDPI_IMAGES = YES;
				FRAMEWORK_SEARCH_PATHS = (
					"$(DEVELOPER_FRAMEWORKS_DIR)",
					"$(inherited)",
				);
				GCC_PRECOMPILE_PREFIX_HEADER = YES;
				GCC_PREFIX_HEADER = "PLCDL_LUTGEN/PLCDL_LUTGEN-Prefix.pch";
				INFOPLIST_FILE = "PLCDL_LUTGENTests/PLCDL_LUTGENTests-Info.plist";
				PRODUCT_NAME = "$(TARGET_NAME)";
				TEST_HOST = "$(BUNDLE_LOADER)";
				WRAPPER_EXTENSION = xctest;
			};
			name = Release;
		};
/* End XCBuildConfiguration section */

/* Begin XCConfigurationList section */
		B7AB37D71900546100F1C119 /* Build configuration list for PBXProject "PLCDL_LUTGEN" */ = {
			isa = XCConfigurationList;
			buildConfigurations = (
				B7AB380B1900546100F1C119 /* Debug */,
				B7AB380C1900546100F1C119 /* Release */,
			);
			defaultConfigurationIsVisible = 0;
			defaultConfigurationName = Release;
		};
		B7AB380D1900546100F1C119 /* Build configuration list for PBXNativeTarget "PLCDL_LUTGEN" */ = {
			isa = XCConfigurationList;
			buildConfigurations = (
				B7AB380E1900546100F1C119 /* Debug */,
				B7AB380F1900546100F1C119 /* Release */,
			);
			defaultConfigurationIsVisible = 0;
		};
		B7AB38101900546100F1C119 /* Build configuration list for PBXNativeTarget "PLCDL_LUTGENTests" */ = {
			isa = XCConfigurationList;
			buildConfigurations = (
				B7AB38111900546100F1C119 /* Debug */,
				B7AB38121900546100F1C119 /* Release */,
			);
			defaultConfigurationIsVisible = 0;
		};
/* End XCConfigurationList section */
	};
	rootObject = B7AB37D41900546100F1C119 /* Project object */;
}
